
Microsoft Visual Studio Solution File, Format Version 12.00
# Visual Studio Version 16
VisualStudioVersion = 16.0.29326.143
MinimumVisualStudioVersion = 10.0.40219.1
Project("{FAE04EC0-301F-11D3-BF4B-00C04F79EFBC}") = "APIManager.WIN", "APIManager.WIN\APIManager.WIN.csproj", "{CC162EF6-75FC-4011-A17B-3E474F20F228}"
EndProject
Project("{9A19103F-16F7-4668-BE54-9A1E7A4F7556}") = "APIManager.Logic", "APIManager.Logic\APIManager.Logic.csproj", "{9B16F52A-E76F-44DF-8C19-07625395487B}"
EndProject
Project("{FAE04EC0-301F-11D3-BF4B-00C04F79EFBC}") = "APIManager.Data", "APIManager.Data\APIManager.Data.csproj", "{2760BE3E-9E54-4C16-ACD1-69B11CBF0457}"
EndProject
Global
	GlobalSection(SolutionConfigurationPlatforms) = preSolution
		Debug|Any CPU = Debug|Any CPU
		Release|Any CPU = Release|Any CPU
	EndGlobalSection
	GlobalSection(ProjectConfigurationPlatforms) = postSolution
		{CC162EF6-75FC-4011-A17B-3E474F20F228}.Debug|Any CPU.ActiveCfg = Debug|Any CPU
		{CC162EF6-75FC-4011-A17B-3E474F20F228}.Debug|Any CPU.Build.0 = Debug|Any CPU
		{CC162EF6-75FC-4011-A17B-3E474F20F228}.Release|Any CPU.ActiveCfg = Release|Any CPU
		{CC162EF6-75FC-4011-A17B-3E474F20F228}.Release|Any CPU.Build.0 = Release|Any CPU
		{9B16F52A-E76F-44DF-8C19-07625395487B}.Debug|Any CPU.ActiveCfg = Debug|Any CPU
		{9B16F52A-E76F-44DF-8C19-07625395487B}.Debug|Any CPU.Build.0 = Debug|Any CPU
		{9B16F52A-E76F-44DF-8C19-07625395487B}.Release|Any CPU.ActiveCfg = Release|Any CPU
		{9B16F52A-E76F-44DF-8C19-07625395487B}.Release|Any CPU.Build.0 = Release|Any CPU
		{2760BE3E-9E54-4C16-ACD1-69B11CBF0457}.Debug|Any CPU.ActiveCfg = Debug|Any CPU
		{2760BE3E-9E54-4C16-ACD1-69B11CBF0457}.Debug|Any CPU.Build.0 = Debug|Any CPU
		{2760BE3E-9E54-4C16-ACD1-69B11CBF0457}.Release|Any CPU.ActiveCfg = Release|Any CPU
		{2760BE3E-9E54-4C16-ACD1-69B11CBF0457}.Release|Any CPU.Build.0 = Release|Any CPU
	EndGlobalSection
	GlobalSection(SolutionProperties) = preSolution
		HideSolutionNode = FALSE
	EndGlobalSection
	GlobalSection(ExtensibilityGlobals) = postSolution
		SolutionGuid = {8927DBB1-B686-4B09-9AFE-90E11AA15D28}
	EndGlobalSection
EndGlobal
